// !$*UTF8*$!
{
	archiveVersion = 1;
	classes = {
	};
	objectVersion = 56;
	objects = {

/* Begin PBXBuildFile section */
		18FBBD112978080A00F4BD8D /* AppDelegate.swift in Sources */ = {isa = PBXBuildFile; fileRef = 18FBBD102978080A00F4BD8D /* AppDelegate.swift */; };
		18FBBD132978080A00F4BD8D /* SceneDelegate.swift in Sources */ = {isa = PBXBuildFile; fileRef = 18FBBD122978080A00F4BD8D /* SceneDelegate.swift */; };
		18FBBD1A2978080B00F4BD8D /* Assets.xcassets in Resources */ = {isa = PBXBuildFile; fileRef = 18FBBD192978080B00F4BD8D /* Assets.xcassets */; };
		18FBBD1D2978080B00F4BD8D /* LaunchScreen.storyboard in Resources */ = {isa = PBXBuildFile; fileRef = 18FBBD1B2978080B00F4BD8D /* LaunchScreen.storyboard */; };
		18FBBD28297808E400F4BD8D /* FeedViewController.swift in Sources */ = {isa = PBXBuildFile; fileRef = 18FBBD27297808E400F4BD8D /* FeedViewController.swift */; };
		18FBBD4B2978166800F4BD8D /* LogoView.swift in Sources */ = {isa = PBXBuildFile; fileRef = 18FBBD4A2978166800F4BD8D /* LogoView.swift */; };
		18FBBD4D2979662800F4BD8D /* FeedItemType.swift in Sources */ = {isa = PBXBuildFile; fileRef = 18FBBD4C2979662800F4BD8D /* FeedItemType.swift */; };
		18FBBD4F2979664F00F4BD8D /* FeedStoriesCell.swift in Sources */ = {isa = PBXBuildFile; fileRef = 18FBBD4E2979664F00F4BD8D /* FeedStoriesCell.swift */; };
		18FBBD512979678600F4BD8D /* FeedPostItemInfo.swift in Sources */ = {isa = PBXBuildFile; fileRef = 18FBBD502979678600F4BD8D /* FeedPostItemInfo.swift */; };
		18FBBD5429796A9F00F4BD8D /* FeedStoriesSetCell.swift in Sources */ = {isa = PBXBuildFile; fileRef = 18FBBD5329796A9F00F4BD8D /* FeedStoriesSetCell.swift */; };
		18FBBD5629796B9600F4BD8D /* FeedPostCell.swift in Sources */ = {isa = PBXBuildFile; fileRef = 18FBBD5529796B9600F4BD8D /* FeedPostCell.swift */; };
		18FBBD582979717300F4BD8D /* StoriesItemCell.swift in Sources */ = {isa = PBXBuildFile; fileRef = 18FBBD572979717300F4BD8D /* StoriesItemCell.swift */; };
		B4926D0069F961D1AAA57054 /* Pods_instagram.framework in Frameworks */ = {isa = PBXBuildFile; fileRef = 23642313BE1B411AA1295640 /* Pods_instagram.framework */; };
/* End PBXBuildFile section */

/* Begin PBXFileReference section */
		18FBBD0D2978080A00F4BD8D /* instagram.app */ = {isa = PBXFileReference; explicitFileType = wrapper.application; includeInIndex = 0; path = instagram.app; sourceTree = BUILT_PRODUCTS_DIR; };
		18FBBD102978080A00F4BD8D /* AppDelegate.swift */ = {isa = PBXFileReference; lastKnownFileType = sourcecode.swift; path = AppDelegate.swift; sourceTree = "<group>"; };
		18FBBD122978080A00F4BD8D /* SceneDelegate.swift */ = {isa = PBXFileReference; lastKnownFileType = sourcecode.swift; path = SceneDelegate.swift; sourceTree = "<group>"; };
		18FBBD192978080B00F4BD8D /* Assets.xcassets */ = {isa = PBXFileReference; lastKnownFileType = folder.assetcatalog; path = Assets.xcassets; sourceTree = "<group>"; };
		18FBBD1C2978080B00F4BD8D /* Base */ = {isa = PBXFileReference; lastKnownFileType = file.storyboard; name = Base; path = Base.lproj/LaunchScreen.storyboard; sourceTree = "<group>"; };
		18FBBD1E2978080B00F4BD8D /* Info.plist */ = {isa = PBXFileReference; lastKnownFileType = text.plist.xml; path = Info.plist; sourceTree = "<group>"; };
		18FBBD27297808E400F4BD8D /* FeedViewController.swift */ = {isa = PBXFileReference; lastKnownFileType = sourcecode.swift; path = FeedViewController.swift; sourceTree = "<group>"; };
		18FBBD4A2978166800F4BD8D /* LogoView.swift */ = {isa = PBXFileReference; lastKnownFileType = sourcecode.swift; path = LogoView.swift; sourceTree = "<group>"; };
		18FBBD4C2979662800F4BD8D /* FeedItemType.swift */ = {isa = PBXFileReference; lastKnownFileType = sourcecode.swift; path = FeedItemType.swift; sourceTree = "<group>"; };
		18FBBD4E2979664F00F4BD8D /* FeedStoriesCell.swift */ = {isa = PBXFileReference; lastKnownFileType = sourcecode.swift; path = FeedStoriesCell.swift; sourceTree = "<group>"; };
		18FBBD502979678600F4BD8D /* FeedPostItemInfo.swift */ = {isa = PBXFileReference; lastKnownFileType = sourcecode.swift; path = FeedPostItemInfo.swift; sourceTree = "<group>"; };
		18FBBD5329796A9F00F4BD8D /* FeedStoriesSetCell.swift */ = {isa = PBXFileReference; lastKnownFileType = sourcecode.swift; path = FeedStoriesSetCell.swift; sourceTree = "<group>"; };
		18FBBD5529796B9600F4BD8D /* FeedPostCell.swift */ = {isa = PBXFileReference; lastKnownFileType = sourcecode.swift; path = FeedPostCell.swift; sourceTree = "<group>"; };
		18FBBD572979717300F4BD8D /* StoriesItemCell.swift */ = {isa = PBXFileReference; lastKnownFileType = sourcecode.swift; path = StoriesItemCell.swift; sourceTree = "<group>"; };
		23642313BE1B411AA1295640 /* Pods_instagram.framework */ = {isa = PBXFileReference; explicitFileType = wrapper.framework; includeInIndex = 0; path = Pods_instagram.framework; sourceTree = BUILT_PRODUCTS_DIR; };
		9671A846EF46604E3FE3A5CA /* Pods-instagram.debug.xcconfig */ = {isa = PBXFileReference; includeInIndex = 1; lastKnownFileType = text.xcconfig; name = "Pods-instagram.debug.xcconfig"; path = "Target Support Files/Pods-instagram/Pods-instagram.debug.xcconfig"; sourceTree = "<group>"; };
		A0043373C6F13F7B205A9A83 /* Pods-instagram.release.xcconfig */ = {isa = PBXFileReference; includeInIndex = 1; lastKnownFileType = text.xcconfig; name = "Pods-instagram.release.xcconfig"; path = "Target Support Files/Pods-instagram/Pods-instagram.release.xcconfig"; sourceTree = "<group>"; };
/* End PBXFileReference section */

/* Begin PBXFrameworksBuildPhase section */
		18FBBD0A2978080A00F4BD8D /* Frameworks */ = {
			isa = PBXFrameworksBuildPhase;
			buildActionMask = 2147483647;
			files = (
				B4926D0069F961D1AAA57054 /* Pods_instagram.framework in Frameworks */,
			);
			runOnlyForDeploymentPostprocessing = 0;
		};
/* End PBXFrameworksBuildPhase section */

/* Begin PBXGroup section */
		18FBBD042978080A00F4BD8D = {
			isa = PBXGroup;
			children = (
				18FBBD0F2978080A00F4BD8D /* instagram */,
				18FBBD0E2978080A00F4BD8D /* Products */,
				70D1F6AC5479A6C293D9097C /* Pods */,
				48AE18E06C8AB1E4D4176E41 /* Frameworks */,
			);
			sourceTree = "<group>";
		};
		18FBBD0E2978080A00F4BD8D /* Products */ = {
			isa = PBXGroup;
			children = (
				18FBBD0D2978080A00F4BD8D /* instagram.app */,
			);
			name = Products;
			sourceTree = "<group>";
		};
		18FBBD0F2978080A00F4BD8D /* instagram */ = {
			isa = PBXGroup;
			children = (
				18FBBD492978165800F4BD8D /* Views */,
				18FBBD26297808D300F4BD8D /* Feed */,
				18FBBD252978083B00F4BD8D /* Aplication */,
				18FBBD242978081C00F4BD8D /* Resources */,
			);
			path = instagram;
			sourceTree = "<group>";
		};
		18FBBD242978081C00F4BD8D /* Resources */ = {
			isa = PBXGroup;
			children = (
				18FBBD192978080B00F4BD8D /* Assets.xcassets */,
				18FBBD1B2978080B00F4BD8D /* LaunchScreen.storyboard */,
				18FBBD1E2978080B00F4BD8D /* Info.plist */,
			);
			path = Resources;
			sourceTree = "<group>";
		};
		18FBBD252978083B00F4BD8D /* Aplication */ = {
			isa = PBXGroup;
			children = (
				18FBBD102978080A00F4BD8D /* AppDelegate.swift */,
				18FBBD122978080A00F4BD8D /* SceneDelegate.swift */,
			);
			path = Aplication;
			sourceTree = "<group>";
		};
		18FBBD26297808D300F4BD8D /* Feed */ = {
			isa = PBXGroup;
			children = (
				18FBBD27297808E400F4BD8D /* FeedViewController.swift */,
				18FBBD4C2979662800F4BD8D /* FeedItemType.swift */,
				18FBBD4E2979664F00F4BD8D /* FeedStoriesCell.swift */,
				18FBBD502979678600F4BD8D /* FeedPostItemInfo.swift */,
			);
			path = Feed;
			sourceTree = "<group>";
		};
		18FBBD492978165800F4BD8D /* Views */ = {
			isa = PBXGroup;
			children = (
				18FBBD5229796A6D00F4BD8D /* Cells */,
				18FBBD4A2978166800F4BD8D /* LogoView.swift */,
			);
			path = Views;
			sourceTree = "<group>";
		};
		18FBBD5229796A6D00F4BD8D /* Cells */ = {
			isa = PBXGroup;
			children = (
				18FBBD5329796A9F00F4BD8D /* FeedStoriesSetCell.swift */,
				18FBBD5529796B9600F4BD8D /* FeedPostCell.swift */,
				18FBBD572979717300F4BD8D /* StoriesItemCell.swift */,
			);
			path = Cells;
			sourceTree = "<group>";
		};
		48AE18E06C8AB1E4D4176E41 /* Frameworks */ = {
			isa = PBXGroup;
			children = (
				23642313BE1B411AA1295640 /* Pods_instagram.framework */,
			);
			name = Frameworks;
			sourceTree = "<group>";
		};
		70D1F6AC5479A6C293D9097C /* Pods */ = {
			isa = PBXGroup;
			children = (
				9671A846EF46604E3FE3A5CA /* Pods-instagram.debug.xcconfig */,
				A0043373C6F13F7B205A9A83 /* Pods-instagram.release.xcconfig */,
			);
			path = Pods;
			sourceTree = "<group>";
		};
/* End PBXGroup section */

/* Begin PBXNativeTarget section */
		18FBBD0C2978080A00F4BD8D /* instagram */ = {
			isa = PBXNativeTarget;
			buildConfigurationList = 18FBBD212978080B00F4BD8D /* Build configuration list for PBXNativeTarget "instagram" */;
			buildPhases = (
				6C838FA8E70929360640AD79 /* [CP] Check Pods Manifest.lock */,
				18FBBD092978080A00F4BD8D /* Sources */,
				18FBBD0A2978080A00F4BD8D /* Frameworks */,
				18FBBD0B2978080A00F4BD8D /* Resources */,
				5DA5B3B51E6149B7BB0CDF7F /* [CP] Embed Pods Frameworks */,
			);
			buildRules = (
			);
			dependencies = (
			);
			name = instagram;
			productName = instagram;
			productReference = 18FBBD0D2978080A00F4BD8D /* instagram.app */;
			productType = "com.apple.product-type.application";
		};
/* End PBXNativeTarget section */

/* Begin PBXProject section */
		18FBBD052978080A00F4BD8D /* Project object */ = {
			isa = PBXProject;
			attributes = {
				BuildIndependentTargetsInParallel = 1;
				LastSwiftUpdateCheck = 1420;
				LastUpgradeCheck = 1420;
				TargetAttributes = {
					18FBBD0C2978080A00F4BD8D = {
						CreatedOnToolsVersion = 14.2;
					};
				};
			};
			buildConfigurationList = 18FBBD082978080A00F4BD8D /* Build configuration list for PBXProject "instagram" */;
			compatibilityVersion = "Xcode 14.0";
			developmentRegion = en;
			hasScannedForEncodings = 0;
			knownRegions = (
				en,
				Base,
			);
			mainGroup = 18FBBD042978080A00F4BD8D;
			productRefGroup = 18FBBD0E2978080A00F4BD8D /* Products */;
			projectDirPath = "";
			projectRoot = "";
			targets = (
				18FBBD0C2978080A00F4BD8D /* instagram */,
			);
		};
/* End PBXProject section */

/* Begin PBXResourcesBuildPhase section */
		18FBBD0B2978080A00F4BD8D /* Resources */ = {
			isa = PBXResourcesBuildPhase;
			buildActionMask = 2147483647;
			files = (
				18FBBD1D2978080B00F4BD8D /* LaunchScreen.storyboard in Resources */,
				18FBBD1A2978080B00F4BD8D /* Assets.xcassets in Resources */,
			);
			runOnlyForDeploymentPostprocessing = 0;
		};
/* End PBXResourcesBuildPhase section */

/* Begin PBXShellScriptBuildPhase section */
		5DA5B3B51E6149B7BB0CDF7F /* [CP] Embed Pods Frameworks */ = {
			isa = PBXShellScriptBuildPhase;
			buildActionMask = 2147483647;
			files = (
			);
			inputFileListPaths = (
				"${PODS_ROOT}/Target Support Files/Pods-instagram/Pods-instagram-frameworks-${CONFIGURATION}-input-files.xcfilelist",
			);
			name = "[CP] Embed Pods Frameworks";
			outputFileListPaths = (
				"${PODS_ROOT}/Target Support Files/Pods-instagram/Pods-instagram-frameworks-${CONFIGURATION}-output-files.xcfilelist",
			);
			runOnlyForDeploymentPostprocessing = 0;
			shellPath = /bin/sh;
			shellScript = "\"${PODS_ROOT}/Target Support Files/Pods-instagram/Pods-instagram-frameworks.sh\"\n";
			showEnvVarsInLog = 0;
		};
		6C838FA8E70929360640AD79 /* [CP] Check Pods Manifest.lock */ = {
			isa = PBXShellScriptBuildPhase;
			buildActionMask = 2147483647;
			files = (
			);
			inputFileListPaths = (
			);
			inputPaths = (
				"${PODS_PODFILE_DIR_PATH}/Podfile.lock",
				"${PODS_ROOT}/Manifest.lock",
			);
			name = "[CP] Check Pods Manifest.lock";
			outputFileListPaths = (
			);
			outputPaths = (
				"$(DERIVED_FILE_DIR)/Pods-instagram-checkManifestLockResult.txt",
			);
			runOnlyForDeploymentPostprocessing = 0;
			shellPath = /bin/sh;
			shellScript = "diff \"${PODS_PODFILE_DIR_PATH}/Podfile.lock\" \"${PODS_ROOT}/Manifest.lock\" > /dev/null\nif [ $? != 0 ] ; then\n    # print error to STDERR\n    echo \"error: The sandbox is not in sync with the Podfile.lock. Run 'pod install' or update your CocoaPods installation.\" >&2\n    exit 1\nfi\n# This output is used by Xcode 'outputs' to avoid re-running this script phase.\necho \"SUCCESS\" > \"${SCRIPT_OUTPUT_FILE_0}\"\n";
			showEnvVarsInLog = 0;
		};
/* End PBXShellScriptBuildPhase section */

/* Begin PBXSourcesBuildPhase section */
		18FBBD092978080A00F4BD8D /* Sources */ = {
			isa = PBXSourcesBuildPhase;
			buildActionMask = 2147483647;
			files = (
				18FBBD512979678600F4BD8D /* FeedPostItemInfo.swift in Sources */,
				18FBBD112978080A00F4BD8D /* AppDelegate.swift in Sources */,
				18FBBD4B2978166800F4BD8D /* LogoView.swift in Sources */,
				18FBBD28297808E400F4BD8D /* FeedViewController.swift in Sources */,
				18FBBD582979717300F4BD8D /* StoriesItemCell.swift in Sources */,
				18FBBD5429796A9F00F4BD8D /* FeedStoriesSetCell.swift in Sources */,
				18FBBD4F2979664F00F4BD8D /* FeedStoriesCell.swift in Sources */,
				18FBBD5629796B9600F4BD8D /* FeedPostCell.swift in Sources */,
				18FBBD132978080A00F4BD8D /* SceneDelegate.swift in Sources */,
				18FBBD4D2979662800F4BD8D /* FeedItemType.swift in Sources */,
			);
			runOnlyForDeploymentPostprocessing = 0;
		};
/* End PBXSourcesBuildPhase section */

/* Begin PBXVariantGroup section */
		18FBBD1B2978080B00F4BD8D /* LaunchScreen.storyboard */ = {
			isa = PBXVariantGroup;
			children = (
				18FBBD1C2978080B00F4BD8D /* Base */,
			);
			name = LaunchScreen.storyboard;
			sourceTree = "<group>";
		};
/* End PBXVariantGroup section */

/* Begin XCBuildConfiguration section */
		18FBBD1F2978080B00F4BD8D /* Debug */ = {
			isa = XCBuildConfiguration;
			buildSettings = {
				ALWAYS_SEARCH_USER_PATHS = NO;
				CLANG_ANALYZER_NONNULL = YES;
				CLANG_ANALYZER_NUMBER_OBJECT_CONVERSION = YES_AGGRESSIVE;
				CLANG_CXX_LANGUAGE_STANDARD = "gnu++20";
				CLANG_ENABLE_MODULES = YES;
				CLANG_ENABLE_OBJC_ARC = YES;
				CLANG_ENABLE_OBJC_WEAK = YES;
				CLANG_WARN_BLOCK_CAPTURE_AUTORELEASING = YES;
				CLANG_WARN_BOOL_CONVERSION = YES;
				CLANG_WARN_COMMA = YES;
				CLANG_WARN_CONSTANT_CONVERSION = YES;
				CLANG_WARN_DEPRECATED_OBJC_IMPLEMENTATIONS = YES;
				CLANG_WARN_DIRECT_OBJC_ISA_USAGE = YES_ERROR;
				CLANG_WARN_DOCUMENTATION_COMMENTS = YES;
				CLANG_WARN_EMPTY_BODY = YES;
				CLANG_WARN_ENUM_CONVERSION = YES;
				CLANG_WARN_INFINITE_RECURSION = YES;
				CLANG_WARN_INT_CONVERSION = YES;
				CLANG_WARN_NON_LITERAL_NULL_CONVERSION = YES;
				CLANG_WARN_OBJC_IMPLICIT_RETAIN_SELF = YES;
				CLANG_WARN_OBJC_LITERAL_CONVERSION = YES;
				CLANG_WARN_OBJC_ROOT_CLASS = YES_ERROR;
				CLANG_WARN_QUOTED_INCLUDE_IN_FRAMEWORK_HEADER = YES;
				CLANG_WARN_RANGE_LOOP_ANALYSIS = YES;
				CLANG_WARN_STRICT_PROTOTYPES = YES;
				CLANG_WARN_SUSPICIOUS_MOVE = YES;
				CLANG_WARN_UNGUARDED_AVAILABILITY = YES_AGGRESSIVE;
				CLANG_WARN_UNREACHABLE_CODE = YES;
				CLANG_WARN__DUPLICATE_METHOD_MATCH = YES;
				COPY_PHASE_STRIP = NO;
				DEBUG_INFORMATION_FORMAT = dwarf;
				ENABLE_STRICT_OBJC_MSGSEND = YES;
				ENABLE_TESTABILITY = YES;
				GCC_C_LANGUAGE_STANDARD = gnu11;
				GCC_DYNAMIC_NO_PIC = NO;
				GCC_NO_COMMON_BLOCKS = YES;
				GCC_OPTIMIZATION_LEVEL = 0;
				GCC_PREPROCESSOR_DEFINITIONS = (
					"DEBUG=1",
					"$(inherited)",
				);
				GCC_WARN_64_TO_32_BIT_CONVERSION = YES;
				GCC_WARN_ABOUT_RETURN_TYPE = YES_ERROR;
				GCC_WARN_UNDECLARED_SELECTOR = YES;
				GCC_WARN_UNINITIALIZED_AUTOS = YES_AGGRESSIVE;
				GCC_WARN_UNUSED_FUNCTION = YES;
				GCC_WARN_UNUSED_VARIABLE = YES;
				IPHONEOS_DEPLOYMENT_TARGET = 16.2;
				MTL_ENABLE_DEBUG_INFO = INCLUDE_SOURCE;
				MTL_FAST_MATH = YES;
				ONLY_ACTIVE_ARCH = YES;
				SDKROOT = iphoneos;
				SWIFT_ACTIVE_COMPILATION_CONDITIONS = DEBUG;
				SWIFT_OPTIMIZATION_LEVEL = "-Onone";
			};
			name = Debug;
		};
		18FBBD202978080B00F4BD8D /* Release */ = {
			isa = XCBuildConfiguration;
			buildSettings = {
				ALWAYS_SEARCH_USER_PATHS = NO;
				CLANG_ANALYZER_NONNULL = YES;
				CLANG_ANALYZER_NUMBER_OBJECT_CONVERSION = YES_AGGRESSIVE;
				CLANG_CXX_LANGUAGE_STANDARD = "gnu++20";
				CLANG_ENABLE_MODULES = YES;
				CLANG_ENABLE_OBJC_ARC = YES;
				CLANG_ENABLE_OBJC_WEAK = YES;
				CLANG_WARN_BLOCK_CAPTURE_AUTORELEASING = YES;
				CLANG_WARN_BOOL_CONVERSION = YES;
				CLANG_WARN_COMMA = YES;
				CLANG_WARN_CONSTANT_CONVERSION = YES;
				CLANG_WARN_DEPRECATED_OBJC_IMPLEMENTATIONS = YES;
				CLANG_WARN_DIRECT_OBJC_ISA_USAGE = YES_ERROR;
				CLANG_WARN_DOCUMENTATION_COMMENTS = YES;
				CLANG_WARN_EMPTY_BODY = YES;
				CLANG_WARN_ENUM_CONVERSION = YES;
				CLANG_WARN_INFINITE_RECURSION = YES;
				CLANG_WARN_INT_CONVERSION = YES;
				CLANG_WARN_NON_LITERAL_NULL_CONVERSION = YES;
				CLANG_WARN_OBJC_IMPLICIT_RETAIN_SELF = YES;
				CLANG_WARN_OBJC_LITERAL_CONVERSION = YES;
				CLANG_WARN_OBJC_ROOT_CLASS = YES_ERROR;
				CLANG_WARN_QUOTED_INCLUDE_IN_FRAMEWORK_HEADER = YES;
				CLANG_WARN_RANGE_LOOP_ANALYSIS = YES;
				CLANG_WARN_STRICT_PROTOTYPES = YES;
				CLANG_WARN_SUSPICIOUS_MOVE = YES;
				CLANG_WARN_UNGUARDED_AVAILABILITY = YES_AGGRESSIVE;
				CLANG_WARN_UNREACHABLE_CODE = YES;
				CLANG_WARN__DUPLICATE_METHOD_MATCH = YES;
				COPY_PHASE_STRIP = NO;
				DEBUG_INFORMATION_FORMAT = "dwarf-with-dsym";
				ENABLE_NS_ASSERTIONS = NO;
				ENABLE_STRICT_OBJC_MSGSEND = YES;
				GCC_C_LANGUAGE_STANDARD = gnu11;
				GCC_NO_COMMON_BLOCKS = YES;
				GCC_WARN_64_TO_32_BIT_CONVERSION = YES;
				GCC_WARN_ABOUT_RETURN_TYPE = YES_ERROR;
				GCC_WARN_UNDECLARED_SELECTOR = YES;
				GCC_WARN_UNINITIALIZED_AUTOS = YES_AGGRESSIVE;
				GCC_WARN_UNUSED_FUNCTION = YES;
				GCC_WARN_UNUSED_VARIABLE = YES;
				IPHONEOS_DEPLOYMENT_TARGET = 16.2;
				MTL_ENABLE_DEBUG_INFO = NO;
				MTL_FAST_MATH = YES;
				SDKROOT = iphoneos;
				SWIFT_COMPILATION_MODE = wholemodule;
				SWIFT_OPTIMIZATION_LEVEL = "-O";
				VALIDATE_PRODUCT = YES;
			};
			name = Release;
		};
		18FBBD222978080B00F4BD8D /* Debug */ = {
			isa = XCBuildConfiguration;
			baseConfigurationReference = 9671A846EF46604E3FE3A5CA /* Pods-instagram.debug.xcconfig */;
			buildSettings = {
				ASSETCATALOG_COMPILER_APPICON_NAME = AppIcon;
				ASSETCATALOG_COMPILER_GLOBAL_ACCENT_COLOR_NAME = AccentColor;
				CODE_SIGN_STYLE = Automatic;
				CURRENT_PROJECT_VERSION = 1;
				DEVELOPMENT_TEAM = F2335D85AV;
				GENERATE_INFOPLIST_FILE = YES;
				INFOPLIST_FILE = instagram/Resources/Info.plist;
				INFOPLIST_KEY_UIApplicationSupportsIndirectInputEvents = YES;
				INFOPLIST_KEY_UILaunchStoryboardName = LaunchScreen;
				INFOPLIST_KEY_UIMainStoryboardFile = "";
				INFOPLIST_KEY_UISupportedInterfaceOrientations_iPad = "UIInterfaceOrientationPortrait UIInterfaceOrientationPortraitUpsideDown UIInterfaceOrientationLandscapeLeft UIInterfaceOrientationLandscapeRight";
				INFOPLIST_KEY_UISupportedInterfaceOrientations_iPhone = "UIInterfaceOrientationPortrait UIInterfaceOrientationLandscapeLeft UIInterfaceOrientationLandscapeRight";
				LD_RUNPATH_SEARCH_PATHS = (
					"$(inherited)",
					"@executable_path/Frameworks",
				);
				MARKETING_VERSION = 1.0;
				PRODUCT_BUNDLE_IDENTIFIER = com.myorganization.instagram;
				PRODUCT_NAME = "$(TARGET_NAME)";
				SWIFT_EMIT_LOC_STRINGS = YES;
				SWIFT_VERSION = 5.0;
				TARGETED_DEVICE_FAMILY = "1,2";
			};
			name = Debug;
		};
		18FBBD232978080B00F4BD8D /* Release */ = {
			isa = XCBuildConfiguration;
			baseConfigurationReference = A0043373C6F13F7B205A9A83 /* Pods-instagram.release.xcconfig */;
			buildSettings = {
				ASSETCATALOG_COMPILER_APPICON_NAME = AppIcon;
				ASSETCATALOG_COMPILER_GLOBAL_ACCENT_COLOR_NAME = AccentColor;
				CODE_SIGN_STYLE = Automatic;
				CURRENT_PROJECT_VERSION = 1;
				DEVELOPMENT_TEAM = F2335D85AV;
				GENERATE_INFOPLIST_FILE = YES;
				INFOPLIST_FILE = instagram/Resources/Info.plist;
				INFOPLIST_KEY_UIApplicationSupportsIndirectInputEvents = YES;
				INFOPLIST_KEY_UILaunchStoryboardName = LaunchScreen;
				INFOPLIST_KEY_UIMainStoryboardFile = "";
				INFOPLIST_KEY_UISupportedInterfaceOrientations_iPad = "UIInterfaceOrientationPortrait UIInterfaceOrientationPortraitUpsideDown UIInterfaceOrientationLandscapeLeft UIInterfaceOrientationLandscapeRight";
				INFOPLIST_KEY_UISupportedInterfaceOrientations_iPhone = "UIInterfaceOrientationPortrait UIInterfaceOrientationLandscapeLeft UIInterfaceOrientationLandscapeRight";
				LD_RUNPATH_SEARCH_PATHS = (
					"$(inherited)",
					"@executable_path/Frameworks",
				);
				MARKETING_VERSION = 1.0;
				PRODUCT_BUNDLE_IDENTIFIER = com.myorganization.instagram;
				PRODUCT_NAME = "$(TARGET_NAME)";
				SWIFT_EMIT_LOC_STRINGS = YES;
				SWIFT_VERSION = 5.0;
				TARGETED_DEVICE_FAMILY = "1,2";
			};
			name = Release;
		};
/* End XCBuildConfiguration section */

/* Begin XCConfigurationList section */
		18FBBD082978080A00F4BD8D /* Build configuration list for PBXProject "instagram" */ = {
			isa = XCConfigurationList;
			buildConfigurations = (
				18FBBD1F2978080B00F4BD8D /* Debug */,
				18FBBD202978080B00F4BD8D /* Release */,
			);
			defaultConfigurationIsVisible = 0;
			defaultConfigurationName = Release;
		};
		18FBBD212978080B00F4BD8D /* Build configuration list for PBXNativeTarget "instagram" */ = {
			isa = XCConfigurationList;
			buildConfigurations = (
				18FBBD222978080B00F4BD8D /* Debug */,
				18FBBD232978080B00F4BD8D /* Release */,
			);
			defaultConfigurationIsVisible = 0;
			defaultConfigurationName = Release;
		};
/* End XCConfigurationList section */
	};
	rootObject = 18FBBD052978080A00F4BD8D /* Project object */;
}
